{
    "_meta": {
        "hash": {
            "sha256": "c85319d20edccf7713af57ac3306f56be307b6e08f6eae47bc761fb11946c800"
        },
        "pipfile-spec": 6,
        "requires": {
            "python_version": "3.6"
        },
        "sources": [
            {
                "name": "pypi",
                "url": "https://pypi.org/simple",
                "verify_ssl": true
            }
        ]
    },
    "default": {
        "e1839a8": {
            "editable": true,
            "path": "."
        },
        "marshmallow": {
            "hashes": [
                "sha256:171f409d48b44786b7df2793cbd7f1a9062f0fe2c14d547da536b5010f671ade",
                "sha256:c231784b5a5d2b26e50c90f3038004a3552ec27658cde6e0a5a7279d0c5a8e26"
            ],
            "version": "==2.15.3"
        },
        "marshmallow-sqlalchemy": {
            "hashes": [
                "sha256:32ff19350a8892b3e8dc954eeeac796576bb89356512f9e1ccd33da63f856930",
                "sha256:755b16b64c0273fd8083dbe1e938dff0d49359c76d6238898c9082e3fc55368d"
            ],
            "version": "==0.14.0"
        },
        "six": {
            "hashes": [
                "sha256:70e8a77beed4562e7f14fe23a786b54f6296e34344c23bc42f07b15018ff98e9",
                "sha256:832dc0e10feb1aa2c68dcc57dbb658f1c7e65b9b61af69048abc87a2db00a0eb"
            ],
            "version": "==1.11.0"
        },
        "sqlalchemy": {
            "hashes": [
                "sha256:2d5f08f714a886a1382c18be501e614bce50d362384dc089474019ce0768151c"
            ],
            "version": "==1.2.8"
        },
        "sqlalchemy-utils": {
            "hashes": [
                "sha256:4119204ff302906015516992b7481e5aabeeaa61c7b04329f9113e42c097b855"
            ],
            "version": "==0.33.3"
        }
    },
    "develop": {
        "e1839a8": {
            "editable": true,
            "path": "."
        },
        "marshmallow": {
            "hashes": [
                "sha256:171f409d48b44786b7df2793cbd7f1a9062f0fe2c14d547da536b5010f671ade",
                "sha256:c231784b5a5d2b26e50c90f3038004a3552ec27658cde6e0a5a7279d0c5a8e26"
            ],
            "version": "==2.15.3"
        },
        "marshmallow-sqlalchemy": {
            "hashes": [
                "sha256:32ff19350a8892b3e8dc954eeeac796576bb89356512f9e1ccd33da63f856930",
                "sha256:755b16b64c0273fd8083dbe1e938dff0d49359c76d6238898c9082e3fc55368d"
            ],
            "version": "==0.14.0"
        },
        "six": {
            "hashes": [
                "sha256:70e8a77beed4562e7f14fe23a786b54f6296e34344c23bc42f07b15018ff98e9",
                "sha256:832dc0e10feb1aa2c68dcc57dbb658f1c7e65b9b61af69048abc87a2db00a0eb"
            ],
            "version": "==1.11.0"
        },
        "sqlalchemy": {
            "hashes": [
                "sha256:2d5f08f714a886a1382c18be501e614bce50d362384dc089474019ce0768151c"
            ],
            "version": "==1.2.8"
        },
        "sqlalchemy-utils": {
            "hashes": [
                "sha256:4119204ff302906015516992b7481e5aabeeaa61c7b04329f9113e42c097b855"
            ],
            "version": "==0.33.3"
        }
    }
}
